// !$*UTF8*$!
{
	archiveVersion = 1;
	classes = {
	};
	objectVersion = 56;
	objects = {

/* Begin PBXBuildFile section */
		701942292BB84A5400E74F83 /* DetailHeaderView.swift in Sources */ = {isa = PBXBuildFile; fileRef = 701942282BB84A5400E74F83 /* DetailHeaderView.swift */; };
		7019422B2BB84B9700E74F83 /* Labels.swift in Sources */ = {isa = PBXBuildFile; fileRef = 7019422A2BB84B9700E74F83 /* Labels.swift */; };
		7019422D2BB8525A00E74F83 /* DetailPreview.swift in Sources */ = {isa = PBXBuildFile; fileRef = 7019422C2BB8525A00E74F83 /* DetailPreview.swift */; };
		7019422F2BB8543E00E74F83 /* Divider.swift in Sources */ = {isa = PBXBuildFile; fileRef = 7019422E2BB8543E00E74F83 /* Divider.swift */; };
		701942312BB8574400E74F83 /* DetailNewsView.swift in Sources */ = {isa = PBXBuildFile; fileRef = 701942302BB8574400E74F83 /* DetailNewsView.swift */; };
		701942352BB8597C00E74F83 /* DetailInfoView.swift in Sources */ = {isa = PBXBuildFile; fileRef = 701942342BB8597C00E74F83 /* DetailInfoView.swift */; };
		701942362BB85C7100E74F83 /* Coordinator.swift in Sources */ = {isa = PBXBuildFile; fileRef = 70E40D342BB8465200D7FAD4 /* Coordinator.swift */; };
		702DBF502BB7CCF3002BB1D6 /* SearchViewController.swift in Sources */ = {isa = PBXBuildFile; fileRef = 702DBF4F2BB7CCF3002BB1D6 /* SearchViewController.swift */; };
		7071DBF82BB7C54C0037BC1F /* AppDelegate.swift in Sources */ = {isa = PBXBuildFile; fileRef = 7071DBF72BB7C54C0037BC1F /* AppDelegate.swift */; };
		7071DBFA2BB7C54C0037BC1F /* SceneDelegate.swift in Sources */ = {isa = PBXBuildFile; fileRef = 7071DBF92BB7C54C0037BC1F /* SceneDelegate.swift */; };
		7071DC022BB7C54C0037BC1F /* AppSearch.xcdatamodeld in Sources */ = {isa = PBXBuildFile; fileRef = 7071DC002BB7C54C0037BC1F /* AppSearch.xcdatamodeld */; };
		7071DC042BB7C54D0037BC1F /* Assets.xcassets in Resources */ = {isa = PBXBuildFile; fileRef = 7071DC032BB7C54D0037BC1F /* Assets.xcassets */; };
		7071DC072BB7C54D0037BC1F /* Base in Resources */ = {isa = PBXBuildFile; fileRef = 7071DC062BB7C54D0037BC1F /* Base */; };
		7085A5B62BB7F03600D5294D /* SearchViewModel.swift in Sources */ = {isa = PBXBuildFile; fileRef = 7085A5B52BB7F03600D5294D /* SearchViewModel.swift */; };
		7085A5BE2BB7F35E00D5294D /* AppSearchViewModelTests.swift in Sources */ = {isa = PBXBuildFile; fileRef = 7085A5BD2BB7F35E00D5294D /* AppSearchViewModelTests.swift */; };
		7085A5C52BB7F3C100D5294D /* SearchViewModel.swift in Sources */ = {isa = PBXBuildFile; fileRef = 7085A5B52BB7F03600D5294D /* SearchViewModel.swift */; };
		7085A5C62BB7F3FA00D5294D /* AppRepository.swift in Sources */ = {isa = PBXBuildFile; fileRef = 70F442A22BB7E0730050CCE1 /* AppRepository.swift */; };
		7085A5C72BB7F40100D5294D /* App.swift in Sources */ = {isa = PBXBuildFile; fileRef = 70F442A02BB7DADE0050CCE1 /* App.swift */; };
		7085A5C92BB7FB7000D5294D /* SearchAppListItemCell.swift in Sources */ = {isa = PBXBuildFile; fileRef = 7085A5C82BB7FB7000D5294D /* SearchAppListItemCell.swift */; };
		7085A5CE2BB7FCD800D5294D /* SnapKit in Frameworks */ = {isa = PBXBuildFile; productRef = 7085A5CD2BB7FCD800D5294D /* SnapKit */; };
		7085A5D02BB7FCDD00D5294D /* SDWebImageSwiftUI in Frameworks */ = {isa = PBXBuildFile; productRef = 7085A5CF2BB7FCDD00D5294D /* SDWebImageSwiftUI */; };
		7085A5D22BB804B300D5294D /* StarRatingView.swift in Sources */ = {isa = PBXBuildFile; fileRef = 7085A5D12BB804B300D5294D /* StarRatingView.swift */; };
		7085A5D42BB80A4000D5294D /* TestViewController.swift in Sources */ = {isa = PBXBuildFile; fileRef = 7085A5D32BB80A4000D5294D /* TestViewController.swift */; };
		7085A5D62BB80A6900D5294D /* ImageCollectionView.swift in Sources */ = {isa = PBXBuildFile; fileRef = 7085A5D52BB80A6900D5294D /* ImageCollectionView.swift */; };
		7085A5D82BB80B4500D5294D /* ImageCollectionViewCell.swift in Sources */ = {isa = PBXBuildFile; fileRef = 7085A5D72BB80B4500D5294D /* ImageCollectionViewCell.swift */; };
		7085A5DB2BB8158F00D5294D /* AppTests.swift in Sources */ = {isa = PBXBuildFile; fileRef = 7085A5DA2BB8158F00D5294D /* AppTests.swift */; };
		7085A5DD2BB82DCC00D5294D /* ExpandableTextView.swift in Sources */ = {isa = PBXBuildFile; fileRef = 7085A5DC2BB82DCC00D5294D /* ExpandableTextView.swift */; };
		70E40D352BB8465200D7FAD4 /* Coordinator.swift in Sources */ = {isa = PBXBuildFile; fileRef = 70E40D342BB8465200D7FAD4 /* Coordinator.swift */; };
		70E40D372BB846AA00D7FAD4 /* MainCoordinator.swift in Sources */ = {isa = PBXBuildFile; fileRef = 70E40D362BB846AA00D7FAD4 /* MainCoordinator.swift */; };
		70E40D3C2BB8479800D7FAD4 /* DetailViewController.swift in Sources */ = {isa = PBXBuildFile; fileRef = 70E40D3B2BB8479800D7FAD4 /* DetailViewController.swift */; };
		70F4429A2BB7D29F0050CCE1 /* APIClient.swift in Sources */ = {isa = PBXBuildFile; fileRef = 70F442992BB7D29F0050CCE1 /* APIClient.swift */; };
		70F4429C2BB7D3B30050CCE1 /* CustomError.swift in Sources */ = {isa = PBXBuildFile; fileRef = 70F4429B2BB7D3B30050CCE1 /* CustomError.swift */; };
		70F442A12BB7DADE0050CCE1 /* App.swift in Sources */ = {isa = PBXBuildFile; fileRef = 70F442A02BB7DADE0050CCE1 /* App.swift */; };
		70F442A32BB7E0730050CCE1 /* AppRepository.swift in Sources */ = {isa = PBXBuildFile; fileRef = 70F442A22BB7E0730050CCE1 /* AppRepository.swift */; };
		70F442A62BB7E0A60050CCE1 /* AppSearchResponse.swift in Sources */ = {isa = PBXBuildFile; fileRef = 70F442A52BB7E0A60050CCE1 /* AppSearchResponse.swift */; };
		70F442A82BB7E0E50050CCE1 /* AppRepositoryAPI.swift in Sources */ = {isa = PBXBuildFile; fileRef = 70F442A72BB7E0E50050CCE1 /* AppRepositoryAPI.swift */; };
		70F442AA2BB7E2250050CCE1 /* AppRepositoryDomain.swift in Sources */ = {isa = PBXBuildFile; fileRef = 70F442A92BB7E2250050CCE1 /* AppRepositoryDomain.swift */; };
		70F442AC2BB7E26F0050CCE1 /* AppRepositoryCoreData.swift in Sources */ = {isa = PBXBuildFile; fileRef = 70F442AB2BB7E26F0050CCE1 /* AppRepositoryCoreData.swift */; };
		70F442B72BB7E4870050CCE1 /* SearchHistory+CoreDataClass.swift in Sources */ = {isa = PBXBuildFile; fileRef = 70F442B52BB7E4870050CCE1 /* SearchHistory+CoreDataClass.swift */; };
		70F442B82BB7E4870050CCE1 /* SearchHistory+CoreDataProperties.swift in Sources */ = {isa = PBXBuildFile; fileRef = 70F442B62BB7E4870050CCE1 /* SearchHistory+CoreDataProperties.swift */; };
/* End PBXBuildFile section */

/* Begin PBXContainerItemProxy section */
		7085A5BF2BB7F35E00D5294D /* PBXContainerItemProxy */ = {
			isa = PBXContainerItemProxy;
			containerPortal = 7071DBEC2BB7C54C0037BC1F /* Project object */;
			proxyType = 1;
			remoteGlobalIDString = 7071DBF32BB7C54C0037BC1F;
			remoteInfo = AppSearch;
		};
/* End PBXContainerItemProxy section */

/* Begin PBXFileReference section */
		701942282BB84A5400E74F83 /* DetailHeaderView.swift */ = {isa = PBXFileReference; lastKnownFileType = sourcecode.swift; path = DetailHeaderView.swift; sourceTree = "<group>"; };
		7019422A2BB84B9700E74F83 /* Labels.swift */ = {isa = PBXFileReference; lastKnownFileType = sourcecode.swift; path = Labels.swift; sourceTree = "<group>"; };
		7019422C2BB8525A00E74F83 /* DetailPreview.swift */ = {isa = PBXFileReference; lastKnownFileType = sourcecode.swift; path = DetailPreview.swift; sourceTree = "<group>"; };
		7019422E2BB8543E00E74F83 /* Divider.swift */ = {isa = PBXFileReference; lastKnownFileType = sourcecode.swift; path = Divider.swift; sourceTree = "<group>"; };
		701942302BB8574400E74F83 /* DetailNewsView.swift */ = {isa = PBXFileReference; lastKnownFileType = sourcecode.swift; path = DetailNewsView.swift; sourceTree = "<group>"; };
		701942342BB8597C00E74F83 /* DetailInfoView.swift */ = {isa = PBXFileReference; lastKnownFileType = sourcecode.swift; path = DetailInfoView.swift; sourceTree = "<group>"; };
		702DBF4F2BB7CCF3002BB1D6 /* SearchViewController.swift */ = {isa = PBXFileReference; lastKnownFileType = sourcecode.swift; path = SearchViewController.swift; sourceTree = "<group>"; };
		7071DBF42BB7C54C0037BC1F /* AppSearch.app */ = {isa = PBXFileReference; explicitFileType = wrapper.application; includeInIndex = 0; path = AppSearch.app; sourceTree = BUILT_PRODUCTS_DIR; };
		7071DBF72BB7C54C0037BC1F /* AppDelegate.swift */ = {isa = PBXFileReference; lastKnownFileType = sourcecode.swift; path = AppDelegate.swift; sourceTree = "<group>"; };
		7071DBF92BB7C54C0037BC1F /* SceneDelegate.swift */ = {isa = PBXFileReference; lastKnownFileType = sourcecode.swift; path = SceneDelegate.swift; sourceTree = "<group>"; };
		7071DC012BB7C54C0037BC1F /* AppSearch.xcdatamodel */ = {isa = PBXFileReference; lastKnownFileType = wrapper.xcdatamodel; path = AppSearch.xcdatamodel; sourceTree = "<group>"; };
		7071DC032BB7C54D0037BC1F /* Assets.xcassets */ = {isa = PBXFileReference; lastKnownFileType = folder.assetcatalog; path = Assets.xcassets; sourceTree = "<group>"; };
		7071DC062BB7C54D0037BC1F /* Base */ = {isa = PBXFileReference; lastKnownFileType = file.storyboard; name = Base; path = Base.lproj/LaunchScreen.storyboard; sourceTree = "<group>"; };
		7071DC082BB7C54D0037BC1F /* Info.plist */ = {isa = PBXFileReference; lastKnownFileType = text.plist.xml; path = Info.plist; sourceTree = "<group>"; };
		7085A5B52BB7F03600D5294D /* SearchViewModel.swift */ = {isa = PBXFileReference; lastKnownFileType = sourcecode.swift; path = SearchViewModel.swift; sourceTree = "<group>"; };
		7085A5BB2BB7F35E00D5294D /* AppSearchTests.xctest */ = {isa = PBXFileReference; explicitFileType = wrapper.cfbundle; includeInIndex = 0; path = AppSearchTests.xctest; sourceTree = BUILT_PRODUCTS_DIR; };
		7085A5BD2BB7F35E00D5294D /* AppSearchViewModelTests.swift */ = {isa = PBXFileReference; lastKnownFileType = sourcecode.swift; path = AppSearchViewModelTests.swift; sourceTree = "<group>"; };
		7085A5C82BB7FB7000D5294D /* SearchAppListItemCell.swift */ = {isa = PBXFileReference; lastKnownFileType = sourcecode.swift; path = SearchAppListItemCell.swift; sourceTree = "<group>"; };
		7085A5D12BB804B300D5294D /* StarRatingView.swift */ = {isa = PBXFileReference; lastKnownFileType = sourcecode.swift; path = StarRatingView.swift; sourceTree = "<group>"; };
		7085A5D32BB80A4000D5294D /* TestViewController.swift */ = {isa = PBXFileReference; lastKnownFileType = sourcecode.swift; path = TestViewController.swift; sourceTree = "<group>"; };
		7085A5D52BB80A6900D5294D /* ImageCollectionView.swift */ = {isa = PBXFileReference; lastKnownFileType = sourcecode.swift; path = ImageCollectionView.swift; sourceTree = "<group>"; };
		7085A5D72BB80B4500D5294D /* ImageCollectionViewCell.swift */ = {isa = PBXFileReference; lastKnownFileType = sourcecode.swift; path = ImageCollectionViewCell.swift; sourceTree = "<group>"; };
		7085A5DA2BB8158F00D5294D /* AppTests.swift */ = {isa = PBXFileReference; lastKnownFileType = sourcecode.swift; path = AppTests.swift; sourceTree = "<group>"; };
		7085A5DC2BB82DCC00D5294D /* ExpandableTextView.swift */ = {isa = PBXFileReference; lastKnownFileType = sourcecode.swift; path = ExpandableTextView.swift; sourceTree = "<group>"; };
		70E40D342BB8465200D7FAD4 /* Coordinator.swift */ = {isa = PBXFileReference; lastKnownFileType = sourcecode.swift; path = Coordinator.swift; sourceTree = "<group>"; };
		70E40D362BB846AA00D7FAD4 /* MainCoordinator.swift */ = {isa = PBXFileReference; lastKnownFileType = sourcecode.swift; path = MainCoordinator.swift; sourceTree = "<group>"; };
		70E40D3B2BB8479800D7FAD4 /* DetailViewController.swift */ = {isa = PBXFileReference; lastKnownFileType = sourcecode.swift; path = DetailViewController.swift; sourceTree = "<group>"; };
		70F442992BB7D29F0050CCE1 /* APIClient.swift */ = {isa = PBXFileReference; lastKnownFileType = sourcecode.swift; path = APIClient.swift; sourceTree = "<group>"; };
		70F4429B2BB7D3B30050CCE1 /* CustomError.swift */ = {isa = PBXFileReference; lastKnownFileType = sourcecode.swift; path = CustomError.swift; sourceTree = "<group>"; };
		70F442A02BB7DADE0050CCE1 /* App.swift */ = {isa = PBXFileReference; lastKnownFileType = sourcecode.swift; path = App.swift; sourceTree = "<group>"; };
		70F442A22BB7E0730050CCE1 /* AppRepository.swift */ = {isa = PBXFileReference; lastKnownFileType = sourcecode.swift; path = AppRepository.swift; sourceTree = "<group>"; };
		70F442A52BB7E0A60050CCE1 /* AppSearchResponse.swift */ = {isa = PBXFileReference; lastKnownFileType = sourcecode.swift; path = AppSearchResponse.swift; sourceTree = "<group>"; };
		70F442A72BB7E0E50050CCE1 /* AppRepositoryAPI.swift */ = {isa = PBXFileReference; lastKnownFileType = sourcecode.swift; path = AppRepositoryAPI.swift; sourceTree = "<group>"; };
		70F442A92BB7E2250050CCE1 /* AppRepositoryDomain.swift */ = {isa = PBXFileReference; lastKnownFileType = sourcecode.swift; path = AppRepositoryDomain.swift; sourceTree = "<group>"; };
		70F442AB2BB7E26F0050CCE1 /* AppRepositoryCoreData.swift */ = {isa = PBXFileReference; lastKnownFileType = sourcecode.swift; path = AppRepositoryCoreData.swift; sourceTree = "<group>"; };
		70F442B52BB7E4870050CCE1 /* SearchHistory+CoreDataClass.swift */ = {isa = PBXFileReference; lastKnownFileType = sourcecode.swift; path = "SearchHistory+CoreDataClass.swift"; sourceTree = "<group>"; };
		70F442B62BB7E4870050CCE1 /* SearchHistory+CoreDataProperties.swift */ = {isa = PBXFileReference; lastKnownFileType = sourcecode.swift; path = "SearchHistory+CoreDataProperties.swift"; sourceTree = "<group>"; };
/* End PBXFileReference section */

/* Begin PBXFrameworksBuildPhase section */
		7071DBF12BB7C54C0037BC1F /* Frameworks */ = {
			isa = PBXFrameworksBuildPhase;
			buildActionMask = 2147483647;
			files = (
				7085A5D02BB7FCDD00D5294D /* SDWebImageSwiftUI in Frameworks */,
				7085A5CE2BB7FCD800D5294D /* SnapKit in Frameworks */,
			);
			runOnlyForDeploymentPostprocessing = 0;
		};
		7085A5B82BB7F35E00D5294D /* Frameworks */ = {
			isa = PBXFrameworksBuildPhase;
			buildActionMask = 2147483647;
			files = (
			);
			runOnlyForDeploymentPostprocessing = 0;
		};
/* End PBXFrameworksBuildPhase section */

/* Begin PBXGroup section */
		702DBF4E2BB7CCDE002BB1D6 /* View */ = {
			isa = PBXGroup;
			children = (
				70E40D382BB8477600D7FAD4 /* Components */,
				70E40D3A2BB8478A00D7FAD4 /* Detail */,
				70E40D392BB8478300D7FAD4 /* Search */,
			);
			path = View;
			sourceTree = "<group>";
		};
		702DBF512BB7CE2A002BB1D6 /* Model */ = {
			isa = PBXGroup;
			children = (
				70F442A42BB7E09C0050CCE1 /* API */,
				702DBF532BB7CE45002BB1D6 /* CoreData */,
				70F4429E2BB7D90E0050CCE1 /* Domain */,
			);
			path = Model;
			sourceTree = "<group>";
		};
		702DBF522BB7CE36002BB1D6 /* Main */ = {
			isa = PBXGroup;
			children = (
				7071DBF72BB7C54C0037BC1F /* AppDelegate.swift */,
				7071DBF92BB7C54C0037BC1F /* SceneDelegate.swift */,
				70F4429B2BB7D3B30050CCE1 /* CustomError.swift */,
				7071DC032BB7C54D0037BC1F /* Assets.xcassets */,
				7071DC052BB7C54D0037BC1F /* LaunchScreen.storyboard */,
			);
			path = Main;
			sourceTree = "<group>";
		};
		702DBF532BB7CE45002BB1D6 /* CoreData */ = {
			isa = PBXGroup;
			children = (
				70F442B52BB7E4870050CCE1 /* SearchHistory+CoreDataClass.swift */,
				70F442B62BB7E4870050CCE1 /* SearchHistory+CoreDataProperties.swift */,
				7071DC002BB7C54C0037BC1F /* AppSearch.xcdatamodeld */,
			);
			path = CoreData;
			sourceTree = "<group>";
		};
		7071DBEB2BB7C54C0037BC1F = {
			isa = PBXGroup;
			children = (
				7071DBF62BB7C54C0037BC1F /* AppSearch */,
				7085A5BC2BB7F35E00D5294D /* AppSearchTests */,
				7071DBF52BB7C54C0037BC1F /* Products */,
				7085A5CC2BB7FCD800D5294D /* Frameworks */,
			);
			sourceTree = "<group>";
		};
		7071DBF52BB7C54C0037BC1F /* Products */ = {
			isa = PBXGroup;
			children = (
				7071DBF42BB7C54C0037BC1F /* AppSearch.app */,
				7085A5BB2BB7F35E00D5294D /* AppSearchTests.xctest */,
			);
			name = Products;
			sourceTree = "<group>";
		};
		7071DBF62BB7C54C0037BC1F /* AppSearch */ = {
			isa = PBXGroup;
			children = (
				7071DC082BB7C54D0037BC1F /* Info.plist */,
				7085A5D32BB80A4000D5294D /* TestViewController.swift */,
				70E40D332BB8464000D7FAD4 /* Coordinator */,
				702DBF522BB7CE36002BB1D6 /* Main */,
				702DBF512BB7CE2A002BB1D6 /* Model */,
				70F4429D2BB7D8360050CCE1 /* Repository */,
				70F442982BB7D28D0050CCE1 /* Util */,
				702DBF4E2BB7CCDE002BB1D6 /* View */,
			);
			path = AppSearch;
			sourceTree = "<group>";
		};
		7085A5BC2BB7F35E00D5294D /* AppSearchTests */ = {
			isa = PBXGroup;
			children = (
				7085A5BD2BB7F35E00D5294D /* AppSearchViewModelTests.swift */,
				7085A5DA2BB8158F00D5294D /* AppTests.swift */,
			);
			path = AppSearchTests;
			sourceTree = "<group>";
		};
		7085A5CC2BB7FCD800D5294D /* Frameworks */ = {
			isa = PBXGroup;
			children = (
			);
			name = Frameworks;
			sourceTree = "<group>";
		};
		7085A5D92BB8131B00D5294D /* ImageCollectionView */ = {
			isa = PBXGroup;
			children = (
				7085A5D52BB80A6900D5294D /* ImageCollectionView.swift */,
				7085A5D72BB80B4500D5294D /* ImageCollectionViewCell.swift */,
			);
			path = ImageCollectionView;
			sourceTree = "<group>";
		};
		70E40D332BB8464000D7FAD4 /* Coordinator */ = {
			isa = PBXGroup;
			children = (
				70E40D342BB8465200D7FAD4 /* Coordinator.swift */,
				70E40D362BB846AA00D7FAD4 /* MainCoordinator.swift */,
			);
			path = Coordinator;
			sourceTree = "<group>";
		};
		70E40D382BB8477600D7FAD4 /* Components */ = {
			isa = PBXGroup;
			children = (
				7019422E2BB8543E00E74F83 /* Divider.swift */,
				7085A5DC2BB82DCC00D5294D /* ExpandableTextView.swift */,
				7019422A2BB84B9700E74F83 /* Labels.swift */,
				7085A5D12BB804B300D5294D /* StarRatingView.swift */,
				7085A5D92BB8131B00D5294D /* ImageCollectionView */,
			);
			path = Components;
			sourceTree = "<group>";
		};
		70E40D392BB8478300D7FAD4 /* Search */ = {
			isa = PBXGroup;
			children = (
				7085A5C82BB7FB7000D5294D /* SearchAppListItemCell.swift */,
				702DBF4F2BB7CCF3002BB1D6 /* SearchViewController.swift */,
				7085A5B52BB7F03600D5294D /* SearchViewModel.swift */,
			);
			path = Search;
			sourceTree = "<group>";
		};
		70E40D3A2BB8478A00D7FAD4 /* Detail */ = {
			isa = PBXGroup;
			children = (
				70E40D3B2BB8479800D7FAD4 /* DetailViewController.swift */,
				701942282BB84A5400E74F83 /* DetailHeaderView.swift */,
				701942342BB8597C00E74F83 /* DetailInfoView.swift */,
				701942302BB8574400E74F83 /* DetailNewsView.swift */,
				7019422C2BB8525A00E74F83 /* DetailPreview.swift */,
			);
			path = Detail;
			sourceTree = "<group>";
		};
		70F442982BB7D28D0050CCE1 /* Util */ = {
			isa = PBXGroup;
			children = (
				70F442992BB7D29F0050CCE1 /* APIClient.swift */,
			);
			path = Util;
			sourceTree = "<group>";
		};
		70F4429D2BB7D8360050CCE1 /* Repository */ = {
			isa = PBXGroup;
			children = (
				70F442A22BB7E0730050CCE1 /* AppRepository.swift */,
				70F442A72BB7E0E50050CCE1 /* AppRepositoryAPI.swift */,
				70F442AB2BB7E26F0050CCE1 /* AppRepositoryCoreData.swift */,
				70F442A92BB7E2250050CCE1 /* AppRepositoryDomain.swift */,
			);
			path = Repository;
			sourceTree = "<group>";
		};
		70F4429E2BB7D90E0050CCE1 /* Domain */ = {
			isa = PBXGroup;
			children = (
				70F442A02BB7DADE0050CCE1 /* App.swift */,
			);
			path = Domain;
			sourceTree = "<group>";
		};
		70F442A42BB7E09C0050CCE1 /* API */ = {
			isa = PBXGroup;
			children = (
				70F442A52BB7E0A60050CCE1 /* AppSearchResponse.swift */,
			);
			path = API;
			sourceTree = "<group>";
		};
/* End PBXGroup section */

/* Begin PBXNativeTarget section */
		7071DBF32BB7C54C0037BC1F /* AppSearch */ = {
			isa = PBXNativeTarget;
			buildConfigurationList = 7071DC212BB7C54D0037BC1F /* Build configuration list for PBXNativeTarget "AppSearch" */;
			buildPhases = (
				7071DBF02BB7C54C0037BC1F /* Sources */,
				7071DBF12BB7C54C0037BC1F /* Frameworks */,
				7071DBF22BB7C54C0037BC1F /* Resources */,
			);
			buildRules = (
			);
			dependencies = (
			);
			name = AppSearch;
			packageProductDependencies = (
				7085A5CD2BB7FCD800D5294D /* SnapKit */,
				7085A5CF2BB7FCDD00D5294D /* SDWebImageSwiftUI */,
			);
			productName = AppSearch;
			productReference = 7071DBF42BB7C54C0037BC1F /* AppSearch.app */;
			productType = "com.apple.product-type.application";
		};
		7085A5BA2BB7F35E00D5294D /* AppSearchTests */ = {
			isa = PBXNativeTarget;
			buildConfigurationList = 7085A5C12BB7F35E00D5294D /* Build configuration list for PBXNativeTarget "AppSearchTests" */;
			buildPhases = (
				7085A5B72BB7F35E00D5294D /* Sources */,
				7085A5B82BB7F35E00D5294D /* Frameworks */,
				7085A5B92BB7F35E00D5294D /* Resources */,
			);
			buildRules = (
			);
			dependencies = (
				7085A5C02BB7F35E00D5294D /* PBXTargetDependency */,
			);
			name = AppSearchTests;
			productName = AppSearchTests;
			productReference = 7085A5BB2BB7F35E00D5294D /* AppSearchTests.xctest */;
			productType = "com.apple.product-type.bundle.unit-test";
		};
/* End PBXNativeTarget section */

/* Begin PBXProject section */
		7071DBEC2BB7C54C0037BC1F /* Project object */ = {
			isa = PBXProject;
			attributes = {
				BuildIndependentTargetsInParallel = 1;
				LastSwiftUpdateCheck = 1530;
				LastUpgradeCheck = 1530;
				TargetAttributes = {
					7071DBF32BB7C54C0037BC1F = {
						CreatedOnToolsVersion = 15.3;
					};
					7085A5BA2BB7F35E00D5294D = {
						CreatedOnToolsVersion = 15.3;
						TestTargetID = 7071DBF32BB7C54C0037BC1F;
					};
				};
			};
			buildConfigurationList = 7071DBEF2BB7C54C0037BC1F /* Build configuration list for PBXProject "AppSearch" */;
			compatibilityVersion = "Xcode 14.0";
			developmentRegion = en;
			hasScannedForEncodings = 0;
			knownRegions = (
				en,
				Base,
			);
			mainGroup = 7071DBEB2BB7C54C0037BC1F;
			packageReferences = (
				7085A5CA2BB7FC9000D5294D /* XCRemoteSwiftPackageReference "SnapKit" */,
				7085A5CB2BB7FCA100D5294D /* XCRemoteSwiftPackageReference "SDWebImageSwiftUI" */,
			);
			productRefGroup = 7071DBF52BB7C54C0037BC1F /* Products */;
			projectDirPath = "";
			projectRoot = "";
			targets = (
				7071DBF32BB7C54C0037BC1F /* AppSearch */,
				7085A5BA2BB7F35E00D5294D /* AppSearchTests */,
			);
		};
/* End PBXProject section */

/* Begin PBXResourcesBuildPhase section */
		7071DBF22BB7C54C0037BC1F /* Resources */ = {
			isa = PBXResourcesBuildPhase;
			buildActionMask = 2147483647;
			files = (
				7071DC042BB7C54D0037BC1F /* Assets.xcassets in Resources */,
				7071DC072BB7C54D0037BC1F /* Base in Resources */,
			);
			runOnlyForDeploymentPostprocessing = 0;
		};
		7085A5B92BB7F35E00D5294D /* Resources */ = {
			isa = PBXResourcesBuildPhase;
			buildActionMask = 2147483647;
			files = (
			);
			runOnlyForDeploymentPostprocessing = 0;
		};
/* End PBXResourcesBuildPhase section */

/* Begin PBXSourcesBuildPhase section */
		7071DBF02BB7C54C0037BC1F /* Sources */ = {
			isa = PBXSourcesBuildPhase;
			buildActionMask = 2147483647;
			files = (
				7085A5D22BB804B300D5294D /* StarRatingView.swift in Sources */,
				70F442A82BB7E0E50050CCE1 /* AppRepositoryAPI.swift in Sources */,
				702DBF502BB7CCF3002BB1D6 /* SearchViewController.swift in Sources */,
				7019422F2BB8543E00E74F83 /* Divider.swift in Sources */,
				70F442AC2BB7E26F0050CCE1 /* AppRepositoryCoreData.swift in Sources */,
				7071DC022BB7C54C0037BC1F /* AppSearch.xcdatamodeld in Sources */,
				7071DBF82BB7C54C0037BC1F /* AppDelegate.swift in Sources */,
				70E40D352BB8465200D7FAD4 /* Coordinator.swift in Sources */,
				7085A5D82BB80B4500D5294D /* ImageCollectionViewCell.swift in Sources */,
				70E40D372BB846AA00D7FAD4 /* MainCoordinator.swift in Sources */,
				7019422B2BB84B9700E74F83 /* Labels.swift in Sources */,
				7085A5DD2BB82DCC00D5294D /* ExpandableTextView.swift in Sources */,
				70F4429A2BB7D29F0050CCE1 /* APIClient.swift in Sources */,
				7085A5D62BB80A6900D5294D /* ImageCollectionView.swift in Sources */,
				7085A5B62BB7F03600D5294D /* SearchViewModel.swift in Sources */,
				70F442AA2BB7E2250050CCE1 /* AppRepositoryDomain.swift in Sources */,
				7071DBFA2BB7C54C0037BC1F /* SceneDelegate.swift in Sources */,
				7019422D2BB8525A00E74F83 /* DetailPreview.swift in Sources */,
				701942292BB84A5400E74F83 /* DetailHeaderView.swift in Sources */,
				70E40D3C2BB8479800D7FAD4 /* DetailViewController.swift in Sources */,
				701942312BB8574400E74F83 /* DetailNewsView.swift in Sources */,
				70F442A12BB7DADE0050CCE1 /* App.swift in Sources */,
				70F442A62BB7E0A60050CCE1 /* AppSearchResponse.swift in Sources */,
				70F4429C2BB7D3B30050CCE1 /* CustomError.swift in Sources */,
				7085A5C92BB7FB7000D5294D /* SearchAppListItemCell.swift in Sources */,
				70F442A32BB7E0730050CCE1 /* AppRepository.swift in Sources */,
				70F442B72BB7E4870050CCE1 /* SearchHistory+CoreDataClass.swift in Sources */,
				7085A5D42BB80A4000D5294D /* TestViewController.swift in Sources */,
				701942352BB8597C00E74F83 /* DetailInfoView.swift in Sources */,
				70F442B82BB7E4870050CCE1 /* SearchHistory+CoreDataProperties.swift in Sources */,
			);
			runOnlyForDeploymentPostprocessing = 0;
		};
		7085A5B72BB7F35E00D5294D /* Sources */ = {
			isa = PBXSourcesBuildPhase;
			buildActionMask = 2147483647;
			files = (
				7085A5C52BB7F3C100D5294D /* SearchViewModel.swift in Sources */,
				7085A5C72BB7F40100D5294D /* App.swift in Sources */,
				701942362BB85C7100E74F83 /* Coordinator.swift in Sources */,
				7085A5C62BB7F3FA00D5294D /* AppRepository.swift in Sources */,
				7085A5DB2BB8158F00D5294D /* AppTests.swift in Sources */,
				7085A5BE2BB7F35E00D5294D /* AppSearchViewModelTests.swift in Sources */,
			);
			runOnlyForDeploymentPostprocessing = 0;
		};
/* End PBXSourcesBuildPhase section */

/* Begin PBXTargetDependency section */
		7085A5C02BB7F35E00D5294D /* PBXTargetDependency */ = {
			isa = PBXTargetDependency;
			target = 7071DBF32BB7C54C0037BC1F /* AppSearch */;
			targetProxy = 7085A5BF2BB7F35E00D5294D /* PBXContainerItemProxy */;
		};
/* End PBXTargetDependency section */

/* Begin PBXVariantGroup section */
		7071DC052BB7C54D0037BC1F /* LaunchScreen.storyboard */ = {
			isa = PBXVariantGroup;
			children = (
				7071DC062BB7C54D0037BC1F /* Base */,
			);
			name = LaunchScreen.storyboard;
			sourceTree = "<group>";
		};
/* End PBXVariantGroup section */

/* Begin XCBuildConfiguration section */
		7071DC1F2BB7C54D0037BC1F /* Debug */ = {
			isa = XCBuildConfiguration;
			buildSettings = {
				ALWAYS_SEARCH_USER_PATHS = NO;
				ASSETCATALOG_COMPILER_GENERATE_SWIFT_ASSET_SYMBOL_EXTENSIONS = YES;
				CLANG_ANALYZER_NONNULL = YES;
				CLANG_ANALYZER_NUMBER_OBJECT_CONVERSION = YES_AGGRESSIVE;
				CLANG_CXX_LANGUAGE_STANDARD = "gnu++20";
				CLANG_ENABLE_MODULES = YES;
				CLANG_ENABLE_OBJC_ARC = YES;
				CLANG_ENABLE_OBJC_WEAK = YES;
				CLANG_WARN_BLOCK_CAPTURE_AUTORELEASING = YES;
				CLANG_WARN_BOOL_CONVERSION = YES;
				CLANG_WARN_COMMA = YES;
				CLANG_WARN_CONSTANT_CONVERSION = YES;
				CLANG_WARN_DEPRECATED_OBJC_IMPLEMENTATIONS = YES;
				CLANG_WARN_DIRECT_OBJC_ISA_USAGE = YES_ERROR;
				CLANG_WARN_DOCUMENTATION_COMMENTS = YES;
				CLANG_WARN_EMPTY_BODY = YES;
				CLANG_WARN_ENUM_CONVERSION = YES;
				CLANG_WARN_INFINITE_RECURSION = YES;
				CLANG_WARN_INT_CONVERSION = YES;
				CLANG_WARN_NON_LITERAL_NULL_CONVERSION = YES;
				CLANG_WARN_OBJC_IMPLICIT_RETAIN_SELF = YES;
				CLANG_WARN_OBJC_LITERAL_CONVERSION = YES;
				CLANG_WARN_OBJC_ROOT_CLASS = YES_ERROR;
				CLANG_WARN_QUOTED_INCLUDE_IN_FRAMEWORK_HEADER = YES;
				CLANG_WARN_RANGE_LOOP_ANALYSIS = YES;
				CLANG_WARN_STRICT_PROTOTYPES = YES;
				CLANG_WARN_SUSPICIOUS_MOVE = YES;
				CLANG_WARN_UNGUARDED_AVAILABILITY = YES_AGGRESSIVE;
				CLANG_WARN_UNREACHABLE_CODE = YES;
				CLANG_WARN__DUPLICATE_METHOD_MATCH = YES;
				COPY_PHASE_STRIP = NO;
				DEBUG_INFORMATION_FORMAT = dwarf;
				ENABLE_STRICT_OBJC_MSGSEND = YES;
				ENABLE_TESTABILITY = YES;
				ENABLE_USER_SCRIPT_SANDBOXING = YES;
				GCC_C_LANGUAGE_STANDARD = gnu17;
				GCC_DYNAMIC_NO_PIC = NO;
				GCC_NO_COMMON_BLOCKS = YES;
				GCC_OPTIMIZATION_LEVEL = 0;
				GCC_PREPROCESSOR_DEFINITIONS = (
					"DEBUG=1",
					"$(inherited)",
				);
				GCC_WARN_64_TO_32_BIT_CONVERSION = YES;
				GCC_WARN_ABOUT_RETURN_TYPE = YES_ERROR;
				GCC_WARN_UNDECLARED_SELECTOR = YES;
				GCC_WARN_UNINITIALIZED_AUTOS = YES_AGGRESSIVE;
				GCC_WARN_UNUSED_FUNCTION = YES;
				GCC_WARN_UNUSED_VARIABLE = YES;
				IPHONEOS_DEPLOYMENT_TARGET = 13.0;
				LOCALIZATION_PREFERS_STRING_CATALOGS = YES;
				MTL_ENABLE_DEBUG_INFO = INCLUDE_SOURCE;
				MTL_FAST_MATH = YES;
				ONLY_ACTIVE_ARCH = YES;
				SDKROOT = iphoneos;
				SWIFT_ACTIVE_COMPILATION_CONDITIONS = "DEBUG $(inherited)";
				SWIFT_OPTIMIZATION_LEVEL = "-Onone";
			};
			name = Debug;
		};
		7071DC202BB7C54D0037BC1F /* Release */ = {
			isa = XCBuildConfiguration;
			buildSettings = {
				ALWAYS_SEARCH_USER_PATHS = NO;
				ASSETCATALOG_COMPILER_GENERATE_SWIFT_ASSET_SYMBOL_EXTENSIONS = YES;
				CLANG_ANALYZER_NONNULL = YES;
				CLANG_ANALYZER_NUMBER_OBJECT_CONVERSION = YES_AGGRESSIVE;
				CLANG_CXX_LANGUAGE_STANDARD = "gnu++20";
				CLANG_ENABLE_MODULES = YES;
				CLANG_ENABLE_OBJC_ARC = YES;
				CLANG_ENABLE_OBJC_WEAK = YES;
				CLANG_WARN_BLOCK_CAPTURE_AUTORELEASING = YES;
				CLANG_WARN_BOOL_CONVERSION = YES;
				CLANG_WARN_COMMA = YES;
				CLANG_WARN_CONSTANT_CONVERSION = YES;
				CLANG_WARN_DEPRECATED_OBJC_IMPLEMENTATIONS = YES;
				CLANG_WARN_DIRECT_OBJC_ISA_USAGE = YES_ERROR;
				CLANG_WARN_DOCUMENTATION_COMMENTS = YES;
				CLANG_WARN_EMPTY_BODY = YES;
				CLANG_WARN_ENUM_CONVERSION = YES;
				CLANG_WARN_INFINITE_RECURSION = YES;
				CLANG_WARN_INT_CONVERSION = YES;
				CLANG_WARN_NON_LITERAL_NULL_CONVERSION = YES;
				CLANG_WARN_OBJC_IMPLICIT_RETAIN_SELF = YES;
				CLANG_WARN_OBJC_LITERAL_CONVERSION = YES;
				CLANG_WARN_OBJC_ROOT_CLASS = YES_ERROR;
				CLANG_WARN_QUOTED_INCLUDE_IN_FRAMEWORK_HEADER = YES;
				CLANG_WARN_RANGE_LOOP_ANALYSIS = YES;
				CLANG_WARN_STRICT_PROTOTYPES = YES;
				CLANG_WARN_SUSPICIOUS_MOVE = YES;
				CLANG_WARN_UNGUARDED_AVAILABILITY = YES_AGGRESSIVE;
				CLANG_WARN_UNREACHABLE_CODE = YES;
				CLANG_WARN__DUPLICATE_METHOD_MATCH = YES;
				COPY_PHASE_STRIP = NO;
				DEBUG_INFORMATION_FORMAT = "dwarf-with-dsym";
				ENABLE_NS_ASSERTIONS = NO;
				ENABLE_STRICT_OBJC_MSGSEND = YES;
				ENABLE_USER_SCRIPT_SANDBOXING = YES;
				GCC_C_LANGUAGE_STANDARD = gnu17;
				GCC_NO_COMMON_BLOCKS = YES;
				GCC_WARN_64_TO_32_BIT_CONVERSION = YES;
				GCC_WARN_ABOUT_RETURN_TYPE = YES_ERROR;
				GCC_WARN_UNDECLARED_SELECTOR = YES;
				GCC_WARN_UNINITIALIZED_AUTOS = YES_AGGRESSIVE;
				GCC_WARN_UNUSED_FUNCTION = YES;
				GCC_WARN_UNUSED_VARIABLE = YES;
				IPHONEOS_DEPLOYMENT_TARGET = 13.0;
				LOCALIZATION_PREFERS_STRING_CATALOGS = YES;
				MTL_ENABLE_DEBUG_INFO = NO;
				MTL_FAST_MATH = YES;
				SDKROOT = iphoneos;
				SWIFT_COMPILATION_MODE = wholemodule;
				VALIDATE_PRODUCT = YES;
			};
			name = Release;
		};
		7071DC222BB7C54D0037BC1F /* Debug */ = {
			isa = XCBuildConfiguration;
			buildSettings = {
				ASSETCATALOG_COMPILER_APPICON_NAME = AppIcon;
				ASSETCATALOG_COMPILER_GLOBAL_ACCENT_COLOR_NAME = AccentColor;
				CODE_SIGN_STYLE = Automatic;
				CURRENT_PROJECT_VERSION = 1;
				DEVELOPMENT_TEAM = YV58Q28W8Z;
				GENERATE_INFOPLIST_FILE = YES;
				INFOPLIST_FILE = AppSearch/Info.plist;
				INFOPLIST_KEY_UIApplicationSupportsIndirectInputEvents = YES;
				INFOPLIST_KEY_UILaunchStoryboardName = LaunchScreen;
				INFOPLIST_KEY_UISupportedInterfaceOrientations = UIInterfaceOrientationPortrait;
				LD_RUNPATH_SEARCH_PATHS = (
					"$(inherited)",
					"@executable_path/Frameworks",
				);
				MARKETING_VERSION = 1.0;
				PRODUCT_BUNDLE_IDENTIFIER = com.donggyu.AppSearch;
				PRODUCT_NAME = "$(TARGET_NAME)";
				SWIFT_EMIT_LOC_STRINGS = YES;
				SWIFT_VERSION = 5.0;
				TARGETED_DEVICE_FAMILY = "1,2";
			};
			name = Debug;
		};
		7071DC232BB7C54D0037BC1F /* Release */ = {
			isa = XCBuildConfiguration;
			buildSettings = {
				ASSETCATALOG_COMPILER_APPICON_NAME = AppIcon;
				ASSETCATALOG_COMPILER_GLOBAL_ACCENT_COLOR_NAME = AccentColor;
				CODE_SIGN_STYLE = Automatic;
				CURRENT_PROJECT_VERSION = 1;
				DEVELOPMENT_TEAM = YV58Q28W8Z;
				GENERATE_INFOPLIST_FILE = YES;
				INFOPLIST_FILE = AppSearch/Info.plist;
				INFOPLIST_KEY_UIApplicationSupportsIndirectInputEvents = YES;
				INFOPLIST_KEY_UILaunchStoryboardName = LaunchScreen;
				INFOPLIST_KEY_UISupportedInterfaceOrientations = UIInterfaceOrientationPortrait;
				LD_RUNPATH_SEARCH_PATHS = (
					"$(inherited)",
					"@executable_path/Frameworks",
				);
				MARKETING_VERSION = 1.0;
				PRODUCT_BUNDLE_IDENTIFIER = com.donggyu.AppSearch;
				PRODUCT_NAME = "$(TARGET_NAME)";
				SWIFT_EMIT_LOC_STRINGS = YES;
				SWIFT_VERSION = 5.0;
				TARGETED_DEVICE_FAMILY = "1,2";
			};
			name = Release;
		};
		7085A5C22BB7F35E00D5294D /* Debug */ = {
			isa = XCBuildConfiguration;
			buildSettings = {
				BUNDLE_LOADER = "$(TEST_HOST)";
				CODE_SIGN_STYLE = Automatic;
				CURRENT_PROJECT_VERSION = 1;
				DEVELOPMENT_TEAM = YV58Q28W8Z;
				GENERATE_INFOPLIST_FILE = YES;
				IPHONEOS_DEPLOYMENT_TARGET = 17.4;
				MARKETING_VERSION = 1.0;
				PRODUCT_BUNDLE_IDENTIFIER = com.donggyu.AppSearchTests;
				PRODUCT_NAME = "$(TARGET_NAME)";
				SWIFT_EMIT_LOC_STRINGS = NO;
				SWIFT_VERSION = 5.0;
				TARGETED_DEVICE_FAMILY = "1,2";
				TEST_HOST = "$(BUILT_PRODUCTS_DIR)/AppSearch.app/$(BUNDLE_EXECUTABLE_FOLDER_PATH)/AppSearch";
			};
			name = Debug;
		};
		7085A5C32BB7F35E00D5294D /* Release */ = {
			isa = XCBuildConfiguration;
			buildSettings = {
				BUNDLE_LOADER = "$(TEST_HOST)";
				CODE_SIGN_STYLE = Automatic;
				CURRENT_PROJECT_VERSION = 1;
				DEVELOPMENT_TEAM = YV58Q28W8Z;
				GENERATE_INFOPLIST_FILE = YES;
				IPHONEOS_DEPLOYMENT_TARGET = 17.4;
				MARKETING_VERSION = 1.0;
				PRODUCT_BUNDLE_IDENTIFIER = com.donggyu.AppSearchTests;
				PRODUCT_NAME = "$(TARGET_NAME)";
				SWIFT_EMIT_LOC_STRINGS = NO;
				SWIFT_VERSION = 5.0;
				TARGETED_DEVICE_FAMILY = "1,2";
				TEST_HOST = "$(BUILT_PRODUCTS_DIR)/AppSearch.app/$(BUNDLE_EXECUTABLE_FOLDER_PATH)/AppSearch";
			};
			name = Release;
		};
/* End XCBuildConfiguration section */

/* Begin XCConfigurationList section */
		7071DBEF2BB7C54C0037BC1F /* Build configuration list for PBXProject "AppSearch" */ = {
			isa = XCConfigurationList;
			buildConfigurations = (
				7071DC1F2BB7C54D0037BC1F /* Debug */,
				7071DC202BB7C54D0037BC1F /* Release */,
			);
			defaultConfigurationIsVisible = 0;
			defaultConfigurationName = Release;
		};
		7071DC212BB7C54D0037BC1F /* Build configuration list for PBXNativeTarget "AppSearch" */ = {
			isa = XCConfigurationList;
			buildConfigurations = (
				7071DC222BB7C54D0037BC1F /* Debug */,
				7071DC232BB7C54D0037BC1F /* Release */,
			);
			defaultConfigurationIsVisible = 0;
			defaultConfigurationName = Release;
		};
		7085A5C12BB7F35E00D5294D /* Build configuration list for PBXNativeTarget "AppSearchTests" */ = {
			isa = XCConfigurationList;
			buildConfigurations = (
				7085A5C22BB7F35E00D5294D /* Debug */,
				7085A5C32BB7F35E00D5294D /* Release */,
			);
			defaultConfigurationIsVisible = 0;
			defaultConfigurationName = Release;
		};
/* End XCConfigurationList section */

/* Begin XCRemoteSwiftPackageReference section */
		7085A5CA2BB7FC9000D5294D /* XCRemoteSwiftPackageReference "SnapKit" */ = {
			isa = XCRemoteSwiftPackageReference;
			repositoryURL = "https://github.com/SnapKit/SnapKit";
			requirement = {
				kind = upToNextMajorVersion;
				minimumVersion = 5.7.1;
			};
		};
		7085A5CB2BB7FCA100D5294D /* XCRemoteSwiftPackageReference "SDWebImageSwiftUI" */ = {
			isa = XCRemoteSwiftPackageReference;
			repositoryURL = "https://github.com/SDWebImage/SDWebImageSwiftUI";
			requirement = {
				kind = upToNextMajorVersion;
				minimumVersion = 3.0.2;
			};
		};
/* End XCRemoteSwiftPackageReference section */

/* Begin XCSwiftPackageProductDependency section */
		7085A5CD2BB7FCD800D5294D /* SnapKit */ = {
			isa = XCSwiftPackageProductDependency;
			package = 7085A5CA2BB7FC9000D5294D /* XCRemoteSwiftPackageReference "SnapKit" */;
			productName = SnapKit;
		};
		7085A5CF2BB7FCDD00D5294D /* SDWebImageSwiftUI */ = {
			isa = XCSwiftPackageProductDependency;
			package = 7085A5CB2BB7FCA100D5294D /* XCRemoteSwiftPackageReference "SDWebImageSwiftUI" */;
			productName = SDWebImageSwiftUI;
		};
/* End XCSwiftPackageProductDependency section */

/* Begin XCVersionGroup section */
		7071DC002BB7C54C0037BC1F /* AppSearch.xcdatamodeld */ = {
			isa = XCVersionGroup;
			children = (
				7071DC012BB7C54C0037BC1F /* AppSearch.xcdatamodel */,
			);
			currentVersion = 7071DC012BB7C54C0037BC1F /* AppSearch.xcdatamodel */;
			path = AppSearch.xcdatamodeld;
			sourceTree = "<group>";
			versionGroupType = wrapper.xcdatamodel;
		};
/* End XCVersionGroup section */
	};
	rootObject = 7071DBEC2BB7C54C0037BC1F /* Project object */;
}
